// !$*UTF8*$!
{
	archiveVersion = 1;
	classes = {
	};
	objectVersion = 56;
	objects = {

/* Begin PBXBuildFile section */
		88062F9C299FC1570023396D /* ProfileViewController.swift in Sources */ = {isa = PBXBuildFile; fileRef = 88062F9B299FC1570023396D /* ProfileViewController.swift */; };
		881B884529B30BD4002C81B4 /* OAuth2TokenStorage.swift in Sources */ = {isa = PBXBuildFile; fileRef = 881B884429B30BD4002C81B4 /* OAuth2TokenStorage.swift */; };
		881B884729B30C5C002C81B4 /* WebViewViewController.swift in Sources */ = {isa = PBXBuildFile; fileRef = 881B884629B30C5C002C81B4 /* WebViewViewController.swift */; };
		881B884929B30D0C002C81B4 /* OAuth2Service.swift in Sources */ = {isa = PBXBuildFile; fileRef = 881B884829B30D0C002C81B4 /* OAuth2Service.swift */; };
		881B884B29B32DF5002C81B4 /* AuthViewController.swift in Sources */ = {isa = PBXBuildFile; fileRef = 881B884A29B32DF5002C81B4 /* AuthViewController.swift */; };
		881B884D29B32E9B002C81B4 /* SplashViewController.swift in Sources */ = {isa = PBXBuildFile; fileRef = 881B884C29B32E9B002C81B4 /* SplashViewController.swift */; };
		881B885129B61F64002C81B4 /* AlertModel.swift in Sources */ = {isa = PBXBuildFile; fileRef = 881B885029B61F64002C81B4 /* AlertModel.swift */; };
		881D0F4129A0CF3700714E7E /* Constants.swift in Sources */ = {isa = PBXBuildFile; fileRef = 881D0F4029A0CF3700714E7E /* Constants.swift */; };
		8838F2D429B88E5F006B104D /* ProgressHUD in Frameworks */ = {isa = PBXBuildFile; productRef = 8838F2D329B88E5F006B104D /* ProgressHUD */; };
		8838F2D629B89720006B104D /* UIBlockingProgressHUD.swift in Sources */ = {isa = PBXBuildFile; fileRef = 8838F2D529B89720006B104D /* UIBlockingProgressHUD.swift */; };
		88653C3229BC6E6700EDE2DB /* SwiftKeychainWrapper in Frameworks */ = {isa = PBXBuildFile; productRef = 88653C3129BC6E6700EDE2DB /* SwiftKeychainWrapper */; };
		88653C3529C18F7A00EDE2DB /* NetworkClient.swift in Sources */ = {isa = PBXBuildFile; fileRef = 88653C3429C18F7A00EDE2DB /* NetworkClient.swift */; };
		88653C3829C1931200EDE2DB /* Kingfisher in Frameworks */ = {isa = PBXBuildFile; productRef = 88653C3729C1931200EDE2DB /* Kingfisher */; };
		88653C3A29C19CA600EDE2DB /* ProfileService.swift in Sources */ = {isa = PBXBuildFile; fileRef = 88653C3929C19CA600EDE2DB /* ProfileService.swift */; };
		88653C3D29C19CF300EDE2DB /* ProfileModel.swift in Sources */ = {isa = PBXBuildFile; fileRef = 88653C3C29C19CF300EDE2DB /* ProfileModel.swift */; };
		8899CC012992A064000A5C8A /* SingleImageViewController.swift in Sources */ = {isa = PBXBuildFile; fileRef = 8899CC002992A064000A5C8A /* SingleImageViewController.swift */; };
		E0075C79298182050075776E /* ImagesListCell.swift in Sources */ = {isa = PBXBuildFile; fileRef = E0075C78298182050075776E /* ImagesListCell.swift */; };
		E03CE3782979AB48005EC927 /* AppDelegate.swift in Sources */ = {isa = PBXBuildFile; fileRef = E03CE3772979AB48005EC927 /* AppDelegate.swift */; };
		E03CE37A2979AB48005EC927 /* SceneDelegate.swift in Sources */ = {isa = PBXBuildFile; fileRef = E03CE3792979AB48005EC927 /* SceneDelegate.swift */; };
		E03CE37C2979AB48005EC927 /* ImagesListViewController.swift in Sources */ = {isa = PBXBuildFile; fileRef = E03CE37B2979AB48005EC927 /* ImagesListViewController.swift */; };
		E03CE37F2979AB48005EC927 /* Main.storyboard in Resources */ = {isa = PBXBuildFile; fileRef = E03CE37D2979AB48005EC927 /* Main.storyboard */; };
		E03CE3812979AB49005EC927 /* Assets.xcassets in Resources */ = {isa = PBXBuildFile; fileRef = E03CE3802979AB49005EC927 /* Assets.xcassets */; };
		E03CE3842979AB49005EC927 /* LaunchScreen.storyboard in Resources */ = {isa = PBXBuildFile; fileRef = E03CE3822979AB49005EC927 /* LaunchScreen.storyboard */; };
		E05386EA2988290C009C364E /* Array+Extensions.swift in Sources */ = {isa = PBXBuildFile; fileRef = E05386E92988290C009C364E /* Array+Extensions.swift */; };
/* End PBXBuildFile section */

/* Begin PBXFileReference section */
		88062F9B299FC1570023396D /* ProfileViewController.swift */ = {isa = PBXFileReference; lastKnownFileType = sourcecode.swift; path = ProfileViewController.swift; sourceTree = "<group>"; };
		881B884429B30BD4002C81B4 /* OAuth2TokenStorage.swift */ = {isa = PBXFileReference; lastKnownFileType = sourcecode.swift; path = OAuth2TokenStorage.swift; sourceTree = "<group>"; };
		881B884629B30C5C002C81B4 /* WebViewViewController.swift */ = {isa = PBXFileReference; lastKnownFileType = sourcecode.swift; path = WebViewViewController.swift; sourceTree = "<group>"; };
		881B884829B30D0C002C81B4 /* OAuth2Service.swift */ = {isa = PBXFileReference; lastKnownFileType = sourcecode.swift; path = OAuth2Service.swift; sourceTree = "<group>"; };
		881B884A29B32DF5002C81B4 /* AuthViewController.swift */ = {isa = PBXFileReference; lastKnownFileType = sourcecode.swift; path = AuthViewController.swift; sourceTree = "<group>"; };
		881B884C29B32E9B002C81B4 /* SplashViewController.swift */ = {isa = PBXFileReference; lastKnownFileType = sourcecode.swift; path = SplashViewController.swift; sourceTree = "<group>"; };
		881B885029B61F64002C81B4 /* AlertModel.swift */ = {isa = PBXFileReference; lastKnownFileType = sourcecode.swift; path = AlertModel.swift; sourceTree = "<group>"; };
		881D0F4029A0CF3700714E7E /* Constants.swift */ = {isa = PBXFileReference; lastKnownFileType = sourcecode.swift; path = Constants.swift; sourceTree = "<group>"; };
		8838F2D529B89720006B104D /* UIBlockingProgressHUD.swift */ = {isa = PBXFileReference; lastKnownFileType = sourcecode.swift; path = UIBlockingProgressHUD.swift; sourceTree = "<group>"; };
		88653C3429C18F7A00EDE2DB /* NetworkClient.swift */ = {isa = PBXFileReference; lastKnownFileType = sourcecode.swift; path = NetworkClient.swift; sourceTree = "<group>"; };
		88653C3929C19CA600EDE2DB /* ProfileService.swift */ = {isa = PBXFileReference; lastKnownFileType = sourcecode.swift; path = ProfileService.swift; sourceTree = "<group>"; };
		88653C3C29C19CF300EDE2DB /* ProfileModel.swift */ = {isa = PBXFileReference; lastKnownFileType = sourcecode.swift; path = ProfileModel.swift; sourceTree = "<group>"; };
		8899CC002992A064000A5C8A /* SingleImageViewController.swift */ = {isa = PBXFileReference; lastKnownFileType = sourcecode.swift; path = SingleImageViewController.swift; sourceTree = "<group>"; };
		E0075C78298182050075776E /* ImagesListCell.swift */ = {isa = PBXFileReference; lastKnownFileType = sourcecode.swift; path = ImagesListCell.swift; sourceTree = "<group>"; };
		E03CE3742979AB48005EC927 /* ImageFeed.app */ = {isa = PBXFileReference; explicitFileType = wrapper.application; includeInIndex = 0; path = ImageFeed.app; sourceTree = BUILT_PRODUCTS_DIR; };
		E03CE3772979AB48005EC927 /* AppDelegate.swift */ = {isa = PBXFileReference; lastKnownFileType = sourcecode.swift; path = AppDelegate.swift; sourceTree = "<group>"; };
		E03CE3792979AB48005EC927 /* SceneDelegate.swift */ = {isa = PBXFileReference; lastKnownFileType = sourcecode.swift; path = SceneDelegate.swift; sourceTree = "<group>"; };
		E03CE37B2979AB48005EC927 /* ImagesListViewController.swift */ = {isa = PBXFileReference; lastKnownFileType = sourcecode.swift; path = ImagesListViewController.swift; sourceTree = "<group>"; };
		E03CE37E2979AB48005EC927 /* Base */ = {isa = PBXFileReference; lastKnownFileType = file.storyboard; name = Base; path = Base.lproj/Main.storyboard; sourceTree = "<group>"; };
		E03CE3802979AB49005EC927 /* Assets.xcassets */ = {isa = PBXFileReference; lastKnownFileType = folder.assetcatalog; path = Assets.xcassets; sourceTree = "<group>"; };
		E03CE3832979AB49005EC927 /* Base */ = {isa = PBXFileReference; lastKnownFileType = file.storyboard; name = Base; path = Base.lproj/LaunchScreen.storyboard; sourceTree = "<group>"; };
		E03CE3852979AB49005EC927 /* Info.plist */ = {isa = PBXFileReference; lastKnownFileType = text.plist.xml; path = Info.plist; sourceTree = "<group>"; };
		E05386E92988290C009C364E /* Array+Extensions.swift */ = {isa = PBXFileReference; lastKnownFileType = sourcecode.swift; path = "Array+Extensions.swift"; sourceTree = "<group>"; };
/* End PBXFileReference section */

/* Begin PBXFrameworksBuildPhase section */
		E03CE3712979AB48005EC927 /* Frameworks */ = {
			isa = PBXFrameworksBuildPhase;
			buildActionMask = 2147483647;
			files = (
				88653C3829C1931200EDE2DB /* Kingfisher in Frameworks */,
				88653C3229BC6E6700EDE2DB /* SwiftKeychainWrapper in Frameworks */,
				8838F2D429B88E5F006B104D /* ProgressHUD in Frameworks */,
			);
			runOnlyForDeploymentPostprocessing = 0;
		};
/* End PBXFrameworksBuildPhase section */

/* Begin PBXGroup section */
		881B884329B30B75002C81B4 /* AuthFunctions */ = {
			isa = PBXGroup;
			children = (
				881D0F4029A0CF3700714E7E /* Constants.swift */,
				881B884429B30BD4002C81B4 /* OAuth2TokenStorage.swift */,
				881B884629B30C5C002C81B4 /* WebViewViewController.swift */,
				881B884829B30D0C002C81B4 /* OAuth2Service.swift */,
				881B884A29B32DF5002C81B4 /* AuthViewController.swift */,
			);
			path = AuthFunctions;
			sourceTree = "<group>";
		};
		881D0F4229A0CF4900714E7E /* Profile */ = {
			isa = PBXGroup;
			children = (
				88062F9B299FC1570023396D /* ProfileViewController.swift */,
			);
			path = Profile;
			sourceTree = "<group>";
		};
		88653C3329C18F5200EDE2DB /* Network */ = {
			isa = PBXGroup;
			children = (
				88653C3429C18F7A00EDE2DB /* NetworkClient.swift */,
			);
			path = Network;
			sourceTree = "<group>";
		};
		88653C3B29C19CDA00EDE2DB /* Models */ = {
			isa = PBXGroup;
			children = (
				881B885029B61F64002C81B4 /* AlertModel.swift */,
				88653C3C29C19CF300EDE2DB /* ProfileModel.swift */,
			);
			path = Models;
			sourceTree = "<group>";
		};
		E0075C7A298184760075776E /* ImagesList */ = {
			isa = PBXGroup;
			children = (
				E03CE37B2979AB48005EC927 /* ImagesListViewController.swift */,
				E0075C78298182050075776E /* ImagesListCell.swift */,
			);
			path = ImagesList;
			sourceTree = "<group>";
		};
		E03CE36B2979AB48005EC927 = {
			isa = PBXGroup;
			children = (
				E03CE3762979AB48005EC927 /* ImageFeed */,
				E03CE3752979AB48005EC927 /* Products */,
			);
			sourceTree = "<group>";
		};
		E03CE3752979AB48005EC927 /* Products */ = {
			isa = PBXGroup;
			children = (
				E03CE3742979AB48005EC927 /* ImageFeed.app */,
			);
			name = Products;
			sourceTree = "<group>";
		};
		E03CE3762979AB48005EC927 /* ImageFeed */ = {
			isa = PBXGroup;
			children = (
				88653C3B29C19CDA00EDE2DB /* Models */,
				88653C3329C18F5200EDE2DB /* Network */,
				881B884329B30B75002C81B4 /* AuthFunctions */,
				881D0F4229A0CF4900714E7E /* Profile */,
				E0075C7A298184760075776E /* ImagesList */,
				8899CC002992A064000A5C8A /* SingleImageViewController.swift */,
				881B884C29B32E9B002C81B4 /* SplashViewController.swift */,
				88653C3929C19CA600EDE2DB /* ProfileService.swift */,
				8838F2D529B89720006B104D /* UIBlockingProgressHUD.swift */,
				E03CE3772979AB48005EC927 /* AppDelegate.swift */,
				E03CE3792979AB48005EC927 /* SceneDelegate.swift */,
				E03CE37D2979AB48005EC927 /* Main.storyboard */,
				E03CE3852979AB49005EC927 /* Info.plist */,
				E0A7317729803D48006FCD31 /* Resources */,
			);
			path = ImageFeed;
			sourceTree = "<group>";
		};
		E0A7317729803D48006FCD31 /* Resources */ = {
			isa = PBXGroup;
			children = (
				E03CE3802979AB49005EC927 /* Assets.xcassets */,
				E03CE3822979AB49005EC927 /* LaunchScreen.storyboard */,
				E05386E92988290C009C364E /* Array+Extensions.swift */,
			);
			path = Resources;
			sourceTree = "<group>";
		};
/* End PBXGroup section */

/* Begin PBXNativeTarget section */
		E03CE3732979AB48005EC927 /* ImageFeed */ = {
			isa = PBXNativeTarget;
			buildConfigurationList = E03CE3882979AB49005EC927 /* Build configuration list for PBXNativeTarget "ImageFeed" */;
			buildPhases = (
				E03CE3702979AB48005EC927 /* Sources */,
				E03CE3712979AB48005EC927 /* Frameworks */,
				E03CE3722979AB48005EC927 /* Resources */,
			);
			buildRules = (
			);
			dependencies = (
			);
			name = ImageFeed;
			packageProductDependencies = (
				8838F2D329B88E5F006B104D /* ProgressHUD */,
				88653C3129BC6E6700EDE2DB /* SwiftKeychainWrapper */,
				88653C3729C1931200EDE2DB /* Kingfisher */,
			);
			productName = ImageFeed;
			productReference = E03CE3742979AB48005EC927 /* ImageFeed.app */;
			productType = "com.apple.product-type.application";
		};
/* End PBXNativeTarget section */

/* Begin PBXProject section */
		E03CE36C2979AB48005EC927 /* Project object */ = {
			isa = PBXProject;
			attributes = {
				BuildIndependentTargetsInParallel = 1;
				LastSwiftUpdateCheck = 1400;
				LastUpgradeCheck = 1400;
				TargetAttributes = {
					E03CE3732979AB48005EC927 = {
						CreatedOnToolsVersion = 14.0.1;
					};
				};
			};
			buildConfigurationList = E03CE36F2979AB48005EC927 /* Build configuration list for PBXProject "ImageFeed" */;
			compatibilityVersion = "Xcode 14.0";
			developmentRegion = en;
			hasScannedForEncodings = 0;
			knownRegions = (
				en,
				Base,
			);
			mainGroup = E03CE36B2979AB48005EC927;
			packageReferences = (
				8838F2D229B88E5F006B104D /* XCRemoteSwiftPackageReference "ProgressHUD" */,
				88653C3029BC6E6700EDE2DB /* XCRemoteSwiftPackageReference "SwiftKeychainWrapper" */,
				88653C3629C1931200EDE2DB /* XCRemoteSwiftPackageReference "Kingfisher" */,
			);
			productRefGroup = E03CE3752979AB48005EC927 /* Products */;
			projectDirPath = "";
			projectRoot = "";
			targets = (
				E03CE3732979AB48005EC927 /* ImageFeed */,
			);
		};
/* End PBXProject section */

/* Begin PBXResourcesBuildPhase section */
		E03CE3722979AB48005EC927 /* Resources */ = {
			isa = PBXResourcesBuildPhase;
			buildActionMask = 2147483647;
			files = (
				E03CE3842979AB49005EC927 /* LaunchScreen.storyboard in Resources */,
				E03CE3812979AB49005EC927 /* Assets.xcassets in Resources */,
				E03CE37F2979AB48005EC927 /* Main.storyboard in Resources */,
			);
			runOnlyForDeploymentPostprocessing = 0;
		};
/* End PBXResourcesBuildPhase section */

/* Begin PBXSourcesBuildPhase section */
		E03CE3702979AB48005EC927 /* Sources */ = {
			isa = PBXSourcesBuildPhase;
			buildActionMask = 2147483647;
			files = (
				881B884729B30C5C002C81B4 /* WebViewViewController.swift in Sources */,
				E03CE37C2979AB48005EC927 /* ImagesListViewController.swift in Sources */,
				E05386EA2988290C009C364E /* Array+Extensions.swift in Sources */,
				88653C3529C18F7A00EDE2DB /* NetworkClient.swift in Sources */,
				E0075C79298182050075776E /* ImagesListCell.swift in Sources */,
				881B884B29B32DF5002C81B4 /* AuthViewController.swift in Sources */,
				881B884929B30D0C002C81B4 /* OAuth2Service.swift in Sources */,
				881B884D29B32E9B002C81B4 /* SplashViewController.swift in Sources */,
				881B884529B30BD4002C81B4 /* OAuth2TokenStorage.swift in Sources */,
				E03CE3782979AB48005EC927 /* AppDelegate.swift in Sources */,
				88062F9C299FC1570023396D /* ProfileViewController.swift in Sources */,
				8899CC012992A064000A5C8A /* SingleImageViewController.swift in Sources */,
				88653C3A29C19CA600EDE2DB /* ProfileService.swift in Sources */,
				88653C3D29C19CF300EDE2DB /* ProfileModel.swift in Sources */,
				E03CE37A2979AB48005EC927 /* SceneDelegate.swift in Sources */,
				881B885129B61F64002C81B4 /* AlertModel.swift in Sources */,
				881D0F4129A0CF3700714E7E /* Constants.swift in Sources */,
				8838F2D629B89720006B104D /* UIBlockingProgressHUD.swift in Sources */,
			);
			runOnlyForDeploymentPostprocessing = 0;
		};
/* End PBXSourcesBuildPhase section */

/* Begin PBXVariantGroup section */
		E03CE37D2979AB48005EC927 /* Main.storyboard */ = {
			isa = PBXVariantGroup;
			children = (
				E03CE37E2979AB48005EC927 /* Base */,
			);
			name = Main.storyboard;
			sourceTree = "<group>";
		};
		E03CE3822979AB49005EC927 /* LaunchScreen.storyboard */ = {
			isa = PBXVariantGroup;
			children = (
				E03CE3832979AB49005EC927 /* Base */,
			);
			name = LaunchScreen.storyboard;
			sourceTree = "<group>";
		};
/* End PBXVariantGroup section */

/* Begin XCBuildConfiguration section */
		E03CE3862979AB49005EC927 /* Debug */ = {
			isa = XCBuildConfiguration;
			buildSettings = {
				ALWAYS_SEARCH_USER_PATHS = NO;
				CLANG_ANALYZER_NONNULL = YES;
				CLANG_ANALYZER_NUMBER_OBJECT_CONVERSION = YES_AGGRESSIVE;
				CLANG_CXX_LANGUAGE_STANDARD = "gnu++20";
				CLANG_ENABLE_MODULES = YES;
				CLANG_ENABLE_OBJC_ARC = YES;
				CLANG_ENABLE_OBJC_WEAK = YES;
				CLANG_WARN_BLOCK_CAPTURE_AUTORELEASING = YES;
				CLANG_WARN_BOOL_CONVERSION = YES;
				CLANG_WARN_COMMA = YES;
				CLANG_WARN_CONSTANT_CONVERSION = YES;
				CLANG_WARN_DEPRECATED_OBJC_IMPLEMENTATIONS = YES;
				CLANG_WARN_DIRECT_OBJC_ISA_USAGE = YES_ERROR;
				CLANG_WARN_DOCUMENTATION_COMMENTS = YES;
				CLANG_WARN_EMPTY_BODY = YES;
				CLANG_WARN_ENUM_CONVERSION = YES;
				CLANG_WARN_INFINITE_RECURSION = YES;
				CLANG_WARN_INT_CONVERSION = YES;
				CLANG_WARN_NON_LITERAL_NULL_CONVERSION = YES;
				CLANG_WARN_OBJC_IMPLICIT_RETAIN_SELF = YES;
				CLANG_WARN_OBJC_LITERAL_CONVERSION = YES;
				CLANG_WARN_OBJC_ROOT_CLASS = YES_ERROR;
				CLANG_WARN_QUOTED_INCLUDE_IN_FRAMEWORK_HEADER = YES;
				CLANG_WARN_RANGE_LOOP_ANALYSIS = YES;
				CLANG_WARN_STRICT_PROTOTYPES = YES;
				CLANG_WARN_SUSPICIOUS_MOVE = YES;
				CLANG_WARN_UNGUARDED_AVAILABILITY = YES_AGGRESSIVE;
				CLANG_WARN_UNREACHABLE_CODE = YES;
				CLANG_WARN__DUPLICATE_METHOD_MATCH = YES;
				COPY_PHASE_STRIP = NO;
				DEBUG_INFORMATION_FORMAT = dwarf;
				ENABLE_STRICT_OBJC_MSGSEND = YES;
				ENABLE_TESTABILITY = YES;
				GCC_C_LANGUAGE_STANDARD = gnu11;
				GCC_DYNAMIC_NO_PIC = NO;
				GCC_NO_COMMON_BLOCKS = YES;
				GCC_OPTIMIZATION_LEVEL = 0;
				GCC_PREPROCESSOR_DEFINITIONS = (
					"DEBUG=1",
					"$(inherited)",
				);
				GCC_WARN_64_TO_32_BIT_CONVERSION = YES;
				GCC_WARN_ABOUT_RETURN_TYPE = YES_ERROR;
				GCC_WARN_UNDECLARED_SELECTOR = YES;
				GCC_WARN_UNINITIALIZED_AUTOS = YES_AGGRESSIVE;
				GCC_WARN_UNUSED_FUNCTION = YES;
				GCC_WARN_UNUSED_VARIABLE = YES;
				IPHONEOS_DEPLOYMENT_TARGET = 16.0;
				MTL_ENABLE_DEBUG_INFO = INCLUDE_SOURCE;
				MTL_FAST_MATH = YES;
				ONLY_ACTIVE_ARCH = YES;
				SDKROOT = iphoneos;
				SWIFT_ACTIVE_COMPILATION_CONDITIONS = DEBUG;
				SWIFT_OPTIMIZATION_LEVEL = "-Onone";
			};
			name = Debug;
		};
		E03CE3872979AB49005EC927 /* Release */ = {
			isa = XCBuildConfiguration;
			buildSettings = {
				ALWAYS_SEARCH_USER_PATHS = NO;
				CLANG_ANALYZER_NONNULL = YES;
				CLANG_ANALYZER_NUMBER_OBJECT_CONVERSION = YES_AGGRESSIVE;
				CLANG_CXX_LANGUAGE_STANDARD = "gnu++20";
				CLANG_ENABLE_MODULES = YES;
				CLANG_ENABLE_OBJC_ARC = YES;
				CLANG_ENABLE_OBJC_WEAK = YES;
				CLANG_WARN_BLOCK_CAPTURE_AUTORELEASING = YES;
				CLANG_WARN_BOOL_CONVERSION = YES;
				CLANG_WARN_COMMA = YES;
				CLANG_WARN_CONSTANT_CONVERSION = YES;
				CLANG_WARN_DEPRECATED_OBJC_IMPLEMENTATIONS = YES;
				CLANG_WARN_DIRECT_OBJC_ISA_USAGE = YES_ERROR;
				CLANG_WARN_DOCUMENTATION_COMMENTS = YES;
				CLANG_WARN_EMPTY_BODY = YES;
				CLANG_WARN_ENUM_CONVERSION = YES;
				CLANG_WARN_INFINITE_RECURSION = YES;
				CLANG_WARN_INT_CONVERSION = YES;
				CLANG_WARN_NON_LITERAL_NULL_CONVERSION = YES;
				CLANG_WARN_OBJC_IMPLICIT_RETAIN_SELF = YES;
				CLANG_WARN_OBJC_LITERAL_CONVERSION = YES;
				CLANG_WARN_OBJC_ROOT_CLASS = YES_ERROR;
				CLANG_WARN_QUOTED_INCLUDE_IN_FRAMEWORK_HEADER = YES;
				CLANG_WARN_RANGE_LOOP_ANALYSIS = YES;
				CLANG_WARN_STRICT_PROTOTYPES = YES;
				CLANG_WARN_SUSPICIOUS_MOVE = YES;
				CLANG_WARN_UNGUARDED_AVAILABILITY = YES_AGGRESSIVE;
				CLANG_WARN_UNREACHABLE_CODE = YES;
				CLANG_WARN__DUPLICATE_METHOD_MATCH = YES;
				COPY_PHASE_STRIP = NO;
				DEBUG_INFORMATION_FORMAT = "dwarf-with-dsym";
				ENABLE_NS_ASSERTIONS = NO;
				ENABLE_STRICT_OBJC_MSGSEND = YES;
				GCC_C_LANGUAGE_STANDARD = gnu11;
				GCC_NO_COMMON_BLOCKS = YES;
				GCC_WARN_64_TO_32_BIT_CONVERSION = YES;
				GCC_WARN_ABOUT_RETURN_TYPE = YES_ERROR;
				GCC_WARN_UNDECLARED_SELECTOR = YES;
				GCC_WARN_UNINITIALIZED_AUTOS = YES_AGGRESSIVE;
				GCC_WARN_UNUSED_FUNCTION = YES;
				GCC_WARN_UNUSED_VARIABLE = YES;
				IPHONEOS_DEPLOYMENT_TARGET = 16.0;
				MTL_ENABLE_DEBUG_INFO = NO;
				MTL_FAST_MATH = YES;
				SDKROOT = iphoneos;
				SWIFT_COMPILATION_MODE = wholemodule;
				SWIFT_OPTIMIZATION_LEVEL = "-O";
				VALIDATE_PRODUCT = YES;
			};
			name = Release;
		};
		E03CE3892979AB49005EC927 /* Debug */ = {
			isa = XCBuildConfiguration;
			buildSettings = {
				ASSETCATALOG_COMPILER_APPICON_NAME = AppIcon;
				ASSETCATALOG_COMPILER_GLOBAL_ACCENT_COLOR_NAME = AccentColor;
				CODE_SIGN_STYLE = Automatic;
				CURRENT_PROJECT_VERSION = 1;
				DEVELOPMENT_TEAM = B9RKYLWNDU;
				GENERATE_INFOPLIST_FILE = YES;
				INFOPLIST_FILE = ImageFeed/Info.plist;
				INFOPLIST_KEY_CFBundleDisplayName = ImageFeed;
				INFOPLIST_KEY_UIApplicationSupportsIndirectInputEvents = YES;
				INFOPLIST_KEY_UILaunchStoryboardName = LaunchScreen;
				INFOPLIST_KEY_UIMainStoryboardFile = Main;
				INFOPLIST_KEY_UISupportedInterfaceOrientations = UIInterfaceOrientationPortrait;
				INFOPLIST_KEY_UISupportedInterfaceOrientations_iPad = "UIInterfaceOrientationLandscapeLeft UIInterfaceOrientationLandscapeRight UIInterfaceOrientationPortrait";
				IPHONEOS_DEPLOYMENT_TARGET = 13.0;
				LD_RUNPATH_SEARCH_PATHS = (
					"$(inherited)",
					"@executable_path/Frameworks",
				);
				MARKETING_VERSION = 1.1;
				PRODUCT_BUNDLE_IDENTIFIER = ru.yandex.nutscracker.ImageFeed;
				PRODUCT_NAME = "$(TARGET_NAME)";
				SUPPORTED_PLATFORMS = "iphoneos iphonesimulator";
				SUPPORTS_MACCATALYST = NO;
				SUPPORTS_MAC_DESIGNED_FOR_IPHONE_IPAD = YES;
				SWIFT_EMIT_LOC_STRINGS = YES;
				SWIFT_VERSION = 5.0;
				TARGETED_DEVICE_FAMILY = 1;
			};
			name = Debug;
		};
		E03CE38A2979AB49005EC927 /* Release */ = {
			isa = XCBuildConfiguration;
			buildSettings = {
				ASSETCATALOG_COMPILER_APPICON_NAME = AppIcon;
				ASSETCATALOG_COMPILER_GLOBAL_ACCENT_COLOR_NAME = AccentColor;
				CODE_SIGN_STYLE = Automatic;
				CURRENT_PROJECT_VERSION = 1;
				DEVELOPMENT_TEAM = B9RKYLWNDU;
				GENERATE_INFOPLIST_FILE = YES;
				INFOPLIST_FILE = ImageFeed/Info.plist;
				INFOPLIST_KEY_CFBundleDisplayName = ImageFeed;
				INFOPLIST_KEY_UIApplicationSupportsIndirectInputEvents = YES;
				INFOPLIST_KEY_UILaunchStoryboardName = LaunchScreen;
				INFOPLIST_KEY_UIMainStoryboardFile = Main;
				INFOPLIST_KEY_UISupportedInterfaceOrientations = UIInterfaceOrientationPortrait;
				INFOPLIST_KEY_UISupportedInterfaceOrientations_iPad = "UIInterfaceOrientationLandscapeLeft UIInterfaceOrientationLandscapeRight UIInterfaceOrientationPortrait";
				IPHONEOS_DEPLOYMENT_TARGET = 13.0;
				LD_RUNPATH_SEARCH_PATHS = (
					"$(inherited)",
					"@executable_path/Frameworks",
				);
				MARKETING_VERSION = 1.1;
				PRODUCT_BUNDLE_IDENTIFIER = ru.yandex.nutscracker.ImageFeed;
				PRODUCT_NAME = "$(TARGET_NAME)";
				SUPPORTED_PLATFORMS = "iphoneos iphonesimulator";
				SUPPORTS_MACCATALYST = NO;
				SUPPORTS_MAC_DESIGNED_FOR_IPHONE_IPAD = YES;
				SWIFT_EMIT_LOC_STRINGS = YES;
				SWIFT_VERSION = 5.0;
				TARGETED_DEVICE_FAMILY = 1;
			};
			name = Release;
		};
/* End XCBuildConfiguration section */

/* Begin XCConfigurationList section */
		E03CE36F2979AB48005EC927 /* Build configuration list for PBXProject "ImageFeed" */ = {
			isa = XCConfigurationList;
			buildConfigurations = (
				E03CE3862979AB49005EC927 /* Debug */,
				E03CE3872979AB49005EC927 /* Release */,
			);
			defaultConfigurationIsVisible = 0;
			defaultConfigurationName = Release;
		};
		E03CE3882979AB49005EC927 /* Build configuration list for PBXNativeTarget "ImageFeed" */ = {
			isa = XCConfigurationList;
			buildConfigurations = (
				E03CE3892979AB49005EC927 /* Debug */,
				E03CE38A2979AB49005EC927 /* Release */,
			);
			defaultConfigurationIsVisible = 0;
			defaultConfigurationName = Release;
		};
/* End XCConfigurationList section */

/* Begin XCRemoteSwiftPackageReference section */
		8838F2D229B88E5F006B104D /* XCRemoteSwiftPackageReference "ProgressHUD" */ = {
			isa = XCRemoteSwiftPackageReference;
			repositoryURL = "https://github.com/relatedcode/ProgressHUD";
			requirement = {
				kind = upToNextMajorVersion;
				minimumVersion = 13.0.0;
			};
		};
		88653C3029BC6E6700EDE2DB /* XCRemoteSwiftPackageReference "SwiftKeychainWrapper" */ = {
			isa = XCRemoteSwiftPackageReference;
			repositoryURL = "https://github.com/jrendel/SwiftKeychainWrapper";
			requirement = {
				kind = upToNextMajorVersion;
				minimumVersion = 4.0.0;
			};
		};
		88653C3629C1931200EDE2DB /* XCRemoteSwiftPackageReference "Kingfisher" */ = {
			isa = XCRemoteSwiftPackageReference;
			repositoryURL = "https://github.com/onevcat/Kingfisher";
			requirement = {
				kind = upToNextMajorVersion;
				minimumVersion = 7.0.0;
			};
		};
/* End XCRemoteSwiftPackageReference section */

/* Begin XCSwiftPackageProductDependency section */
		8838F2D329B88E5F006B104D /* ProgressHUD */ = {
			isa = XCSwiftPackageProductDependency;
			package = 8838F2D229B88E5F006B104D /* XCRemoteSwiftPackageReference "ProgressHUD" */;
			productName = ProgressHUD;
		};
		88653C3129BC6E6700EDE2DB /* SwiftKeychainWrapper */ = {
			isa = XCSwiftPackageProductDependency;
			package = 88653C3029BC6E6700EDE2DB /* XCRemoteSwiftPackageReference "SwiftKeychainWrapper" */;
			productName = SwiftKeychainWrapper;
		};
		88653C3729C1931200EDE2DB /* Kingfisher */ = {
			isa = XCSwiftPackageProductDependency;
			package = 88653C3629C1931200EDE2DB /* XCRemoteSwiftPackageReference "Kingfisher" */;
			productName = Kingfisher;
		};
/* End XCSwiftPackageProductDependency section */
	};
	rootObject = E03CE36C2979AB48005EC927 /* Project object */;
}
